
Microsoft Visual Studio Solution File, Format Version 11.00
# Visual Studio 2010
Project("{E24C65DC-7377-472B-9ABA-BC803B73C61A}") = "ATN-RSH-000111", "F:\ATN-RSH-000111\", "{BB271CE8-BC4A-4B5B-845C-E41C0C462A3B}"
	ProjectSection(WebsiteProperties) = preProject
		TargetFrameworkMoniker = ".NETFramework,Version%3Dv4.0"
		Debug.AspNetCompiler.VirtualPath = "/ATN-RSH-000111"
		Debug.AspNetCompiler.PhysicalPath = "F:\ATN-RSH-000111\"
		Debug.AspNetCompiler.TargetPath = "PrecompiledWeb\ATN-RSH-000111\"
		Debug.AspNetCompiler.Updateable = "true"
		Debug.AspNetCompiler.ForceOverwrite = "true"
		Debug.AspNetCompiler.FixedNames = "false"
		Debug.AspNetCompiler.Debug = "True"
		Release.AspNetCompiler.VirtualPath = "/ATN-RSH-000111"
		Release.AspNetCompiler.PhysicalPath = "F:\ATN-RSH-000111\"
		Release.AspNetCompiler.TargetPath = "PrecompiledWeb\ATN-RSH-000111\"
		Release.AspNetCompiler.Updateable = "true"
		Release.AspNetCompiler.ForceOverwrite = "true"
		Release.AspNetCompiler.FixedNames = "false"
		Release.AspNetCompiler.Debug = "False"
		VWDPort = "1535"
	EndProjectSection
EndProject
Global
	GlobalSection(SolutionConfigurationPlatforms) = preSolution
		Debug|Any CPU = Debug|Any CPU
	EndGlobalSection
	GlobalSection(ProjectConfigurationPlatforms) = postSolution
		{BB271CE8-BC4A-4B5B-845C-E41C0C462A3B}.Debug|Any CPU.ActiveCfg = Debug|Any CPU
		{BB271CE8-BC4A-4B5B-845C-E41C0C462A3B}.Debug|Any CPU.Build.0 = Debug|Any CPU
	EndGlobalSection
	GlobalSection(SolutionProperties) = preSolution
		HideSolutionNode = FALSE
	EndGlobalSection
EndGlobal
