
Microsoft Visual Studio Solution File, Format Version 11.00
# Visual Studio 2010
Project("{E24C65DC-7377-472B-9ABA-BC803B73C61A}") = "Expo Management", ".", "{FFE44398-1EE1-4DB3-8595-067A868FA06C}"
	ProjectSection(WebsiteProperties) = preProject
		TargetFrameworkMoniker = ".NETFramework,Version%3Dv4.0"
		Debug.AspNetCompiler.VirtualPath = "/Expo Management"
		Debug.AspNetCompiler.PhysicalPath = "..\Expo Management\"
		Debug.AspNetCompiler.TargetPath = "PrecompiledWeb\Expo Management\"
		Debug.AspNetCompiler.Updateable = "true"
		Debug.AspNetCompiler.ForceOverwrite = "true"
		Debug.AspNetCompiler.FixedNames = "false"
		Debug.AspNetCompiler.Debug = "True"
		Release.AspNetCompiler.VirtualPath = "/Expo Management"
		Release.AspNetCompiler.PhysicalPath = "..\Expo Management\"
		Release.AspNetCompiler.TargetPath = "PrecompiledWeb\Expo Management\"
		Release.AspNetCompiler.Updateable = "true"
		Release.AspNetCompiler.ForceOverwrite = "true"
		Release.AspNetCompiler.FixedNames = "false"
		Release.AspNetCompiler.Debug = "False"
		VWDPort = "19971"
	EndProjectSection
EndProject
Global
	GlobalSection(SolutionConfigurationPlatforms) = preSolution
		Debug|Any CPU = Debug|Any CPU
	EndGlobalSection
	GlobalSection(ProjectConfigurationPlatforms) = postSolution
		{FFE44398-1EE1-4DB3-8595-067A868FA06C}.Debug|Any CPU.ActiveCfg = Debug|Any CPU
		{FFE44398-1EE1-4DB3-8595-067A868FA06C}.Debug|Any CPU.Build.0 = Debug|Any CPU
	EndGlobalSection
	GlobalSection(SolutionProperties) = preSolution
		HideSolutionNode = FALSE
	EndGlobalSection
EndGlobal
